{
  "requires": true,
  "lockfileVersion": 1,
  "dependencies": {
    "@sweetalert2/theme-bootstrap-4": {
      "version": "5.0.14",
      "resolved": "https://registry.npmjs.org/@sweetalert2/theme-bootstrap-4/-/theme-bootstrap-4-5.0.14.tgz",
      "integrity": "sha512-v3FWVZUTUdtsSxtKnFCUBEUaOwtrK4hW8yVHRgqMcJ0gcOcsoqEJf+goe623h+Fx3pYxOjIUHcJViUIWE7wJgQ=="
    },
    "sweetalert2": {
      "version": "11.6.8",
      "resolved": "https://registry.npmjs.org/sweetalert2/-/sweetalert2-11.6.8.tgz",
      "integrity": "sha512-0YHMaqF3DC67EI9uZzHpbU34rQV3acEFlnUCYmDSDNkeNOSFtSlF4DbWilfln+iUYv9s9aqbREXmKZRJqh5G5w=="
    }
  }
}
